
Microsoft Visual Studio Solution File, Format Version 12.00
# Visual Studio Version 18
VisualStudioVersion = 18.0.11201.2
MinimumVisualStudioVersion = 10.0.40219.1
Project("{2150E333-8FDC-42A3-9474-1A3956D46DE8}") = "HexagonalLib.Unity", "HexagonalLib.Unity", "{C02A807F-4B02-4900-895F-67E25F8CF774}"
EndProject
Project("{FAE04EC0-301F-11D3-BF4B-00C04F79EFBC}") = "HexagonalLib.Unity.Tests", "HexagonalLib.Unity\HexagonalLib.Unity.Tests\HexagonalLib.Unity.Tests.csproj", "{1E807875-014C-4745-86AB-E1E35916F8B3}"
EndProject
Project("{FAE04EC0-301F-11D3-BF4B-00C04F79EFBC}") = "HexagonalLib.Unity", "HexagonalLib.Unity\HexagonalLib.Unity\HexagonalLib.Unity.csproj", "{EE497232-AC7A-48D0-9059-53B152C6BF01}"
EndProject
Project("{2150E333-8FDC-42A3-9474-1A3956D46DE8}") = "HexagonalLib.Net", "HexagonalLib.Net", "{1F507917-8D29-4061-BC98-7B64DABADED3}"
EndProject
Project("{FAE04EC0-301F-11D3-BF4B-00C04F79EFBC}") = "HexagonalLib.Net.Tests", "HexagonalLib.Net\HexagonalLib.Net.Tests\HexagonalLib.Net.Tests.csproj", "{2608E591-E33C-446A-9E95-AFED738B2512}"
EndProject
Project("{FAE04EC0-301F-11D3-BF4B-00C04F79EFBC}") = "HexagonalLib.Net", "HexagonalLib.Net\HexagonalLib.Net\HexagonalLib.Net.csproj", "{CF391253-3550-40CF-810B-A6F8FCA2EBF2}"
EndProject
Global
	GlobalSection(SolutionConfigurationPlatforms) = preSolution
		Debug|Any CPU = Debug|Any CPU
		Release|Any CPU = Release|Any CPU
	EndGlobalSection
	GlobalSection(ProjectConfigurationPlatforms) = postSolution
		{1E807875-014C-4745-86AB-E1E35916F8B3}.Debug|Any CPU.ActiveCfg = Debug|Any CPU
		{1E807875-014C-4745-86AB-E1E35916F8B3}.Debug|Any CPU.Build.0 = Debug|Any CPU
		{1E807875-014C-4745-86AB-E1E35916F8B3}.Release|Any CPU.ActiveCfg = Release|Any CPU
		{1E807875-014C-4745-86AB-E1E35916F8B3}.Release|Any CPU.Build.0 = Release|Any CPU
		{EE497232-AC7A-48D0-9059-53B152C6BF01}.Debug|Any CPU.ActiveCfg = Debug|Any CPU
		{EE497232-AC7A-48D0-9059-53B152C6BF01}.Debug|Any CPU.Build.0 = Debug|Any CPU
		{EE497232-AC7A-48D0-9059-53B152C6BF01}.Release|Any CPU.ActiveCfg = Release|Any CPU
		{EE497232-AC7A-48D0-9059-53B152C6BF01}.Release|Any CPU.Build.0 = Release|Any CPU
		{2608E591-E33C-446A-9E95-AFED738B2512}.Debug|Any CPU.ActiveCfg = Debug|Any CPU
		{2608E591-E33C-446A-9E95-AFED738B2512}.Debug|Any CPU.Build.0 = Debug|Any CPU
		{2608E591-E33C-446A-9E95-AFED738B2512}.Release|Any CPU.ActiveCfg = Release|Any CPU
		{2608E591-E33C-446A-9E95-AFED738B2512}.Release|Any CPU.Build.0 = Release|Any CPU
		{CF391253-3550-40CF-810B-A6F8FCA2EBF2}.Debug|Any CPU.ActiveCfg = Debug|Any CPU
		{CF391253-3550-40CF-810B-A6F8FCA2EBF2}.Debug|Any CPU.Build.0 = Debug|Any CPU
		{CF391253-3550-40CF-810B-A6F8FCA2EBF2}.Release|Any CPU.ActiveCfg = Release|Any CPU
		{CF391253-3550-40CF-810B-A6F8FCA2EBF2}.Release|Any CPU.Build.0 = Release|Any CPU
	EndGlobalSection
	GlobalSection(SolutionProperties) = preSolution
		HideSolutionNode = FALSE
	EndGlobalSection
	GlobalSection(NestedProjects) = preSolution
		{1E807875-014C-4745-86AB-E1E35916F8B3} = {C02A807F-4B02-4900-895F-67E25F8CF774}
		{EE497232-AC7A-48D0-9059-53B152C6BF01} = {C02A807F-4B02-4900-895F-67E25F8CF774}
		{2608E591-E33C-446A-9E95-AFED738B2512} = {1F507917-8D29-4061-BC98-7B64DABADED3}
		{CF391253-3550-40CF-810B-A6F8FCA2EBF2} = {1F507917-8D29-4061-BC98-7B64DABADED3}
	EndGlobalSection
	GlobalSection(SharedMSBuildProjectFiles) = preSolution
		HexagonalLib\HexagonalLib.projitems*{ee497232-ac7a-48d0-9059-53b152c6bf01}*SharedItemsImports = 4
	EndGlobalSection
EndGlobal
